
Microsoft Visual Studio Solution File, Format Version 12.00
# Visual Studio 15
VisualStudioVersion = 15.0.28307.489
MinimumVisualStudioVersion = 10.0.40219.1
Project("{FAE04EC0-301F-11D3-BF4B-00C04F79EFBC}") = "WebApplication1", "WebApplication1\WebApplication1.csproj", "{D591E606-EC5D-445C-9341-5C0723EA6541}"
EndProject
Global
	GlobalSection(SolutionConfigurationPlatforms) = preSolution
		Debug|Any CPU = Debug|Any CPU
		Release|Any CPU = Release|Any CPU
	EndGlobalSection
	GlobalSection(ProjectConfigurationPlatforms) = postSolution
		{D591E606-EC5D-445C-9341-5C0723EA6541}.Debug|Any CPU.ActiveCfg = Debug|Any CPU
		{D591E606-EC5D-445C-9341-5C0723EA6541}.Debug|Any CPU.Build.0 = Debug|Any CPU
		{D591E606-EC5D-445C-9341-5C0723EA6541}.Release|Any CPU.ActiveCfg = Release|Any CPU
		{D591E606-EC5D-445C-9341-5C0723EA6541}.Release|Any CPU.Build.0 = Release|Any CPU
	EndGlobalSection
	GlobalSection(SolutionProperties) = preSolution
		HideSolutionNode = FALSE
	EndGlobalSection
	GlobalSection(ExtensibilityGlobals) = postSolution
		SolutionGuid = {6C0BD2D9-783B-41B1-8742-0CE3D37FEFF1}
	EndGlobalSection
EndGlobal
